{
  "lockfileVersion": 1,
  "configVersion": 1,
  "workspaces": {
    "": {
      "name": "@proconnect-gouv/partners",
      "dependencies": {
        "@proconnect-gouv/proconnect.core": "^1.0.2",
        "hono": "4.13.9",
        "mongodb": "6.21.0",
        "zod": "4.6.5",
      },
      "devDependencies": {
        "@tsconfig/bun": "1.0.11",
        "@types/bun": "1.4.2",
        "prettier": "3.9.9",
        "prettier-plugin-organize-imports": "4.3.0",
        "typescript": "7.0.2",
      },
    },
  },
  "packages": {
    "@mongodb-js/saslprep": ["@mongodb-js/saslprep@1.4.12", "", { "dependencies": { "sparse-bitfield": "^3.0.3" } }, "sha512-QAfAMwNgnYxZ2C6D1HgeP7Gc4i/uvJRim415PCIL9ptRxWMNbWeLBYb2/9R4pGKny/s1FVu2JA2cxCUBUOggrA=="],

    "@proconnect-gouv/proconnect.core": ["@proconnect-gouv/proconnect.core@1.0.2", "", { "dependencies": { "@types/lodash-es": "^4.17.12", "@types/oidc-provider": "^9.5.0", "@zootools/email-spell-checker": "^1.12.0", "bcryptjs": "^3.0.2", "is-disposable-email-domain": "^1.0.7", "lodash-es": "^4.18.1", "nanoid": "^6.0.1", "tld-extract": "^2.1.0" } }, "sha512-/D9SRwjSM/JIi541SO30Egrv0NeOoRZpjN3wCK57NyKw5VQPYe099SD+BEZP4/i6TgCLc1UXk61gSm/fb8Twsg=="],

    "@tsconfig/bun": ["@tsconfig/bun@1.0.11", "", {}, "sha512-DQA3HOKFQ+/yPTUa73k5QGcuEM1ExtL6uWQMR0QrfOTitm0oLHqHd1tI74WtEtMqlIu+tvSMELJ6p5uNxVE7lw=="],

    "@types/accepts": ["@types/accepts@1.3.7", "", { "dependencies": { "@types/node": "*" } }, "sha512-Pay9fq2lM2wXPWbteBsRAGiWH2hig4ZE2asK+mm7kUzlxRTfL961rj89I6zV/E3PcIkDqyuBEcMxFT7rccugeQ=="],

    "@types/body-parser": ["@types/body-parser@1.19.6", "", { "dependencies": { "@types/connect": "*", "@types/node": "*" } }, "sha512-HLFeCYgz89uk22N5Qg3dvGvsv46B8GLvKKo1zKG4NybA8U2DiEO3w9lqGg29t/tfLRJpJ6iQxnVw4OnB7MoM9g=="],

    "@types/bun": ["@types/bun@1.4.2", "", { "dependencies": { "bun-types": "1.4.2" } }, "sha512-GimotNn7+ZV0uVArItBbriZsR1oNf0+WTzPkdcFrzShI7k2norL0uzEaJT8T33dWr7O/c9ZDuAFQrctKCi72oQ=="],

    "@types/connect": ["@types/connect@3.4.38", "", { "dependencies": { "@types/node": "*" } }, "sha512-K6uROf1LD88uDQqJCktA4yzL1YYAK6NgfsI0v/mTgyPKWsX1CnJ0XPSDhViejru1GcRkLWb8RlzFYJRqGUbaug=="],

    "@types/content-disposition": ["@types/content-disposition@0.5.9", "", {}, "sha512-8uYXI3Gw35MhiVYhG3s295oihrxRyytcRHjSjqnqZVDDy/xcGBRny7+Xj1Wgfhv5QzRtN2hB2dVRBUX9XW3UcQ=="],

    "@types/cookies": ["@types/cookies@0.9.2", "", { "dependencies": { "@types/connect": "*", "@types/express": "*", "@types/keygrip": "*", "@types/node": "*" } }, "sha512-1AvkDdZM2dbyFybL4fxpuNCaWyv//0AwsuUk2DWeXyM1/5ZKm6W3z6mQi24RZ4l2ucY+bkSHzbDVpySqPGuV8A=="],

    "@types/express": ["@types/express@5.0.6", "", { "dependencies": { "@types/body-parser": "*", "@types/express-serve-static-core": "^5.0.0", "@types/serve-static": "^2" } }, "sha512-sKYVuV7Sv9fbPIt/442koC7+IIwK5olP1KWeD88e/idgoJqDm3JV/YUiPwkoKK92ylff2MGxSz1CSjsXelx0YA=="],

    "@types/express-serve-static-core": ["@types/express-serve-static-core@5.1.3", "", { "dependencies": { "@types/node": "*", "@types/qs": "*", "@types/range-parser": "*", "@types/send": "*" } }, "sha512-dPfW8NFiOF4wOHc7+N/QSxlY9cfSsenewGbAz8C8U/MULPd/YZ27LvJUIlzaXie7e6Ove9YunJGgC9tbHD2cKw=="],

    "@types/http-assert": ["@types/http-assert@1.5.6", "", {}, "sha512-TTEwmtjgVbYAzZYWyeHPrrtWnfVkm8tQkP8P21uQifPgMRgjrow3XDEYqucuC8SKZJT7pUnhU/JymvjggxO9vw=="],

    "@types/http-errors": ["@types/http-errors@2.0.5", "", {}, "sha512-r8Tayk8HJnX0FztbZN7oVqGccWgw98T/0neJphO91KkmOzug1KkofZURD4UaD5uH8AqcFLfdPErnBod0u71/qg=="],

    "@types/keygrip": ["@types/keygrip@1.0.6", "", {}, "sha512-lZuNAY9xeJt7Bx4t4dx0rYCDqGPW8RXhQZK1td7d4H6E9zYbLoOtjBvfwdTKpsyxQI/2jv+armjX/RW+ZNpXOQ=="],

    "@types/koa": ["@types/koa@3.0.3", "", { "dependencies": { "@types/accepts": "*", "@types/content-disposition": "*", "@types/cookies": "*", "@types/http-assert": "*", "@types/http-errors": "^2", "@types/keygrip": "*", "@types/koa-compose": "*", "@types/node": "*" } }, "sha512-TdtNEJ7sYSrFQcVuS2ySsVqnq5EyE3oJbnfFJvkC9UtGP4Kpem5KE7r+ivHIbIAQAofSqnlB5D3vkfYO69TQpg=="],

    "@types/koa-compose": ["@types/koa-compose@3.2.9", "", { "dependencies": { "@types/koa": "*" } }, "sha512-BroAZ9FTvPiCy0Pi8tjD1OfJ7bgU1gQf0eR6e1Vm+JJATy9eKOG3hQMFtMciMawiSOVnLMdmUOC46s7HBhSTsA=="],

    "@types/lodash": ["@types/lodash@4.17.25", "", {}, "sha512-+K1NIO8I+F9/wNulfVvu23QYd0Pe9/OCqRrim4NoYIf1VoEDL90Ve4ClzpyqBLc7NpGGWRvYNCKZ1BE/Jpf8dQ=="],

    "@types/lodash-es": ["@types/lodash-es@4.17.12", "", { "dependencies": { "@types/lodash": "*" } }, "sha512-0NgftHUcV4v34VhXm8QBSftKVXtbkBG3ViCjs6+eJ5a6y6Mi/jiFGPc1sC7QK+9BFhWrURE3EOggmWaSxL9OzQ=="],

    "@types/node": ["@types/node@26.1.1", "", { "dependencies": { "undici-types": "~8.3.0" } }, "sha512-nxAkRSVkN1Y0JC1W8ky/fTfkGsMmcrRsbx+3XoZE+rMOX71kLYTV7fLXpqud1GpbpP5TuffXFqfX7fH2GgZREw=="],

    "@types/oidc-provider": ["@types/oidc-provider@9.12.1", "", { "dependencies": { "@types/keygrip": "*", "@types/koa": "*", "@types/node": "*" } }, "sha512-qRJksCw0I+VloInJxMV/4L4gLL5Qrws9Np9+rW+MZeBKauEz5WqKO99OVCpnj4LKB/o1+utkHoQq1c3GBhuE5g=="],

    "@types/qs": ["@types/qs@6.15.1", "", {}, "sha512-GZHUBZR9hckSUhrxmp1nG6NwdpM9fCunJwyThLW1X3AyHgd9IlHb6VANpQQqDr2o/qQp6McZ3y/IA2rVzKzSbw=="],

    "@types/range-parser": ["@types/range-parser@1.2.7", "", {}, "sha512-hKormJbkJqzQGhziax5PItDUTMAM9uE2XXQmM37dyd4hVM+5aVl7oVxMVUiVQn2oCQFN/LKCZdvSM0pFRqbSmQ=="],

    "@types/send": ["@types/send@1.2.1", "", { "dependencies": { "@types/node": "*" } }, "sha512-arsCikDvlU99zl1g69TcAB3mzZPpxgw0UQnaHeC1Nwb015xp8bknZv5rIfri9xTOcMuaVgvabfIRA7PSZVuZIQ=="],

    "@types/serve-static": ["@types/serve-static@2.2.0", "", { "dependencies": { "@types/http-errors": "*", "@types/node": "*" } }, "sha512-8mam4H1NHLtu7nmtalF7eyBH14QyOASmcxHhSfEoRyr0nP/YdoesEtU+uSRvMe96TW/HPTtkoKqQLl53N7UXMQ=="],

    "@types/webidl-conversions": ["@types/webidl-conversions@7.0.3", "", {}, "sha512-CiJJvcRtIgzadHCYXw7dqEnMNRjhGZlYK05Mj9OyktqV8uVT8fD2BFOB7S1uwBE3Kj2Z+4UyPmFw/Ixgw/LAlA=="],

    "@types/whatwg-url": ["@types/whatwg-url@11.0.5", "", { "dependencies": { "@types/webidl-conversions": "*" } }, "sha512-coYR071JRaHa+xoEvvYqvnIHaVqaYrLPbsufM9BF63HkwI5Lgmy2QR8Q5K/lYDYo5AK82wOvSOS0UsLTpTG7uQ=="],

    "@typescript/typescript-aix-ppc64": ["@typescript/typescript-aix-ppc64@7.0.2", "", { "os": "aix", "cpu": "ppc64" }, "sha512-MTKKkWB7p/0E9xi1d1tHtZ5PiLkGEMIq88pK2CubZjOsLtYTLqhgIgi6zepFa+9GHZ6h05NMCkQxGKiPXMxXtQ=="],

    "@typescript/typescript-darwin-arm64": ["@typescript/typescript-darwin-arm64@7.0.2", "", { "os": "darwin", "cpu": "arm64" }, "sha512-gowzar9MwS/aRWp6f3a4KUqzRjAZjOsmGNCM6LcTgXum+dBfgsBVMN+AgvOCCbguXyick6LJhpBszxMebJ8syA=="],

    "@typescript/typescript-darwin-x64": ["@typescript/typescript-darwin-x64@7.0.2", "", { "os": "darwin", "cpu": "x64" }, "sha512-SZ9xZInqApNlNGc9s0W1VSsktYSOe9cFqNOIqmN1Gs8SmkjKZYFt017G4VwPxASInODuAdbTW7sXiFUf893RgA=="],

    "@typescript/typescript-freebsd-arm64": ["@typescript/typescript-freebsd-arm64@7.0.2", "", { "os": "freebsd", "cpu": "arm64" }, "sha512-W5NH4y/J0plIIS5b2xvTEkU7JFxyqdMAOgf+Ilhl0vHQXKO5dZoxd+C/jEtq56c4F3wk71RB4BMRQ2XdI+bwYQ=="],

    "@typescript/typescript-freebsd-x64": ["@typescript/typescript-freebsd-x64@7.0.2", "", { "os": "freebsd", "cpu": "x64" }, "sha512-UMGDx5sTpzNw3WiPebH7l90IWfJggEd+egHt/q6p7/Cm3zqoV7VxkGXt+3DxPIw8CcmvAB0j3sVVfbhX+M4Tpw=="],

    "@typescript/typescript-linux-arm": ["@typescript/typescript-linux-arm@7.0.2", "", { "os": "linux", "cpu": "arm" }, "sha512-gffT3xPz9sR7j/YJExkyPntrI0P2EP9XbOyWzth2/Gs0RstK+90RBcO0ncXoXy/beYll1SXw846Nf2zdnEz0QQ=="],

    "@typescript/typescript-linux-arm64": ["@typescript/typescript-linux-arm64@7.0.2", "", { "os": "linux", "cpu": "arm64" }, "sha512-Qh4eU4/y3yDjnfjjyPYihMj5/ODIlmt+Bzu17OI+fiSRDW57QmU5SiN63exPRNJPKUzcc1INa1NXdrJ+MqHjUQ=="],

    "@typescript/typescript-linux-loong64": ["@typescript/typescript-linux-loong64@7.0.2", "", { "os": "linux", "cpu": "none" }, "sha512-uEHck9i8hoAzXPiYRib1O7miOnz23SxIeVl6F4LXox+qov1K35jHcEW6VHKvZI+pyvl7fZEP4MCU5LYvIq1GuQ=="],

    "@typescript/typescript-linux-mips64el": ["@typescript/typescript-linux-mips64el@7.0.2", "", { "os": "linux", "cpu": "none" }, "sha512-R4KvAMnE43W5Qeqb0Ly56O3mWMWIAgsMyz36DCaycd5nbg/9kzm0liw3JocfRqyJY0KPmzFjbswozXyW0DnIYA=="],

    "@typescript/typescript-linux-ppc64": ["@typescript/typescript-linux-ppc64@7.0.2", "", { "os": "linux", "cpu": "ppc64" }, "sha512-DORx5b3sd/4S7eayxm4FQv+A7CrkUIGRaHiwI8oiHTAI1fAPWhF4J0vAlkC8biAlHSVVwxMQ3tjZ2/DVbnQiiA=="],

    "@typescript/typescript-linux-riscv64": ["@typescript/typescript-linux-riscv64@7.0.2", "", { "os": "linux", "cpu": "none" }, "sha512-wf0jqEDOjrPRnKwYRyyJDRo11KMbvMFrU+q4zqKyChODBzvlkbhNQfKvLxQCcwTpdDaXSHZTVuh0JoCrKCUMHQ=="],

    "@typescript/typescript-linux-s390x": ["@typescript/typescript-linux-s390x@7.0.2", "", { "os": "linux", "cpu": "s390x" }, "sha512-IkwJc3L7yhytWd/ewjyxNDfOmswCm9GWMJT/ue/dU4aZNbwZeYAetq42VyLmsmSjvoX7z74X6ZaYCtzAr0EuGw=="],

    "@typescript/typescript-linux-x64": ["@typescript/typescript-linux-x64@7.0.2", "", { "os": "linux", "cpu": "x64" }, "sha512-EYdf2cNg7rgCWJnxCdJ+F3V39O8ihb37eHAu1LK8oAFizgTQbPOK7zHHXbPt8rX24COqODXeI3sIf0fCXG7H/A=="],

    "@typescript/typescript-netbsd-arm64": ["@typescript/typescript-netbsd-arm64@7.0.2", "", { "os": "none", "cpu": "arm64" }, "sha512-+polYF4MF04aPpO5FTkHran9yUQDSXqy5GiSDKpsll5jy3l3+g9QLhpf39T+ePtefhXLOGrLl0QIjkQP6VnelA=="],

    "@typescript/typescript-netbsd-x64": ["@typescript/typescript-netbsd-x64@7.0.2", "", { "os": "none", "cpu": "x64" }, "sha512-8YIT0EHM/3dq10ZOVF/A7pc/YSMtbcecct4rWtexrnSCHOPcpC2KTLXfTCR6vDpnSiY12heNb1GiN/wu+T/FyA=="],

    "@typescript/typescript-openbsd-arm64": ["@typescript/typescript-openbsd-arm64@7.0.2", "", { "os": "openbsd", "cpu": "arm64" }, "sha512-APT8+ClYnuYm1u9+kgGXoMj2VzWzcymwh2gNSQVySHfkRDGOTVkoWLjCmOQSaO+PoqQ57B0flRp9SA+7GnnkzQ=="],

    "@typescript/typescript-openbsd-x64": ["@typescript/typescript-openbsd-x64@7.0.2", "", { "os": "openbsd", "cpu": "x64" }, "sha512-yX7s+Q0Dln0Dt9tEzZsAjXXR/+ytBM7AlglaqyeMPxQszJ1JhlJdZ6jLA+IzldHtflX81em7lDao1xXu+aRRkg=="],

    "@typescript/typescript-sunos-x64": ["@typescript/typescript-sunos-x64@7.0.2", "", { "os": "sunos", "cpu": "x64" }, "sha512-dLJDGaLZ1D4HPQn62u1n8mBDkJREwMsAkCdkwd4Ieqw+x3TUyTsqY0YiBCtE6H6OzzgGk3iuZ3vFWRS+E8/d1g=="],

    "@typescript/typescript-win32-arm64": ["@typescript/typescript-win32-arm64@7.0.2", "", { "os": "win32", "cpu": "arm64" }, "sha512-Gyl1Vy6OsWesLzmq+EP0Fb7b4Nid5232AvcA2SFcdYreldpNtYFFofPjnt62y9hQy7VTaZp65ICJjuAQRaVcIQ=="],

    "@typescript/typescript-win32-x64": ["@typescript/typescript-win32-x64@7.0.2", "", { "os": "win32", "cpu": "x64" }, "sha512-0BQ3HkAHHlKLSp1qRvf3SUhGpGsDuhB/jgFw75guyqbxJqEaS0Cw/VFO8i2nHglJUzQCRtMMR/IBAKE3ETMC4g=="],

    "@zootools/email-spell-checker": ["@zootools/email-spell-checker@1.12.0", "", {}, "sha512-yM0lH4yjg+jZG5QubtvpHE+ahSnsHbw9ilnQgKgOF3fk6OBVQLRsEq4NR+/nRvrwG8Vo+29bzKwhXk5y1b/FwA=="],

    "bcryptjs": ["bcryptjs@3.0.3", "", { "bin": { "bcrypt": "bin/bcrypt" } }, "sha512-GlF5wPWnSa/X5LKM1o0wz0suXIINz1iHRLvTS+sLyi7XPbe5ycmYI3DlZqVGZZtDgl4DmasFg7gOB3JYbphV5g=="],

    "bson": ["bson@6.10.4", "", {}, "sha512-WIsKqkSC0ABoBJuT1LEX+2HEvNmNKKgnTAyd0fL8qzK4SH2i9NXg+t08YtdZp/V9IZ33cxe3iV4yM0qg8lMQng=="],

    "bun-types": ["bun-types@1.4.2", "", { "dependencies": { "@types/node": "*" } }, "sha512-bxV1FgK7yBIzjRe5zBozIM4Bem11ZJcCXSrjWRG3YWLt8yFDePu4cLjpebO8OvPeIE9trbyPF4fuj3Cia4Fj3w=="],

    "hono": ["hono@4.13.9", "", {}, "sha512-7dMkQmZoC4E6F7AtaQSPhlWAdnBti+j7rreMZl8QB4jFiEhP9TWbGWUMi8WYzBCgmgulxuvLQupKqo+Co6Omyg=="],

    "is-disposable-email-domain": ["is-disposable-email-domain@1.0.7", "", { "dependencies": { "tldjs": "^2.3.1" } }, "sha512-hqPsR8T+T4O1IZ2JzGQoY0FQXVhqKKHaN0si0XYz11vUgO7PcJkNi/Cjtw3pigFxaOMjpHpkskG7IxEi2gPcKQ=="],

    "lodash-es": ["lodash-es@4.18.1", "", {}, "sha512-J8xewKD/Gk22OZbhpOVSwcs60zhd95ESDwezOFuA3/099925PdHJ7OFHNTGtajL3AlZkykD32HykiMo+BIBI8A=="],

    "memory-pager": ["memory-pager@1.5.0", "", {}, "sha512-ZS4Bp4r/Zoeq6+NLJpP+0Zzm0pR8whtGPf1XExKLJBAczGMnSi3It14OiNCStjQjM6NU1okjQGSxgEZN8eBYKg=="],

    "mongodb": ["mongodb@6.21.0", "", { "dependencies": { "@mongodb-js/saslprep": "^1.3.0", "bson": "^6.10.4", "mongodb-connection-string-url": "^3.0.2" }, "peerDependencies": { "@aws-sdk/credential-providers": "^3.188.0", "@mongodb-js/zstd": "^1.1.0 || ^2.0.0", "gcp-metadata": "^5.2.0", "kerberos": "^2.0.1", "mongodb-client-encryption": ">=6.0.0 <7", "snappy": "^7.3.2", "socks": "^2.7.1" }, "optionalPeers": ["@aws-sdk/credential-providers", "@mongodb-js/zstd", "gcp-metadata", "kerberos", "mongodb-client-encryption", "snappy", "socks"] }, "sha512-URyb/VXMjJ4da46OeSXg+puO39XH9DeQpWCslifrRn9JWugy0D+DvvBvkm2WxmHe61O/H19JM66p1z7RHVkZ6A=="],

    "mongodb-connection-string-url": ["mongodb-connection-string-url@3.0.2", "", { "dependencies": { "@types/whatwg-url": "^11.0.2", "whatwg-url": "^14.1.0 || ^13.0.0" } }, "sha512-rMO7CGo/9BFwyZABcKAWL8UJwH/Kc2x0g72uhDWzG48URRax5TCIcJ7Rc3RZqffZzO/Gwff/jyKwCU9TN8gehA=="],

    "nanoid": ["nanoid@6.0.1", "", { "bin": { "nanoid": "bin/nanoid.js" } }, "sha512-3wVS3i51pE2pi1k5FFL/95BGfVS0kSsvDVuGXHOtxox/TywUmtgq+3qiTOTbs9J7KfHaXPiN171k/A6dBnaXFw=="],

    "prettier": ["prettier@3.9.9", "", { "bin": { "prettier": "bin/prettier.cjs" } }, "sha512-Z/CJHIkdujO/OtN7nXUii0Rf3VT5SRuhjBA82Xvu2XhBUgX3nhP67T0LHceBdQLex7OOFGTox+Q5Yg8Jk2Qivg=="],

    "prettier-plugin-organize-imports": ["prettier-plugin-organize-imports@4.3.0", "", { "peerDependencies": { "prettier": ">=2.0", "typescript": ">=2.9", "vue-tsc": "^2.1.0 || 3" }, "optionalPeers": ["vue-tsc"] }, "sha512-FxFz0qFhyBsGdIsb697f/EkvHzi5SZOhWAjxcx2dLt+Q532bAlhswcXGYB1yzjZ69kW8UoadFBw7TyNwlq96Iw=="],

    "punycode": ["punycode@2.3.1", "", {}, "sha512-vYt7UD1U9Wg6138shLtLOvdAu+8DsC/ilFtEVHcH+wydcSpNE20AfSOduf6MkRFahL5FY7X1oU7nKVZFtfq8Fg=="],

    "sparse-bitfield": ["sparse-bitfield@3.0.3", "", { "dependencies": { "memory-pager": "^1.0.2" } }, "sha512-kvzhi7vqKTfkh0PZU+2D2PIllw2ymqJKujUcyPMd9Y75Nv4nPbGJZXNhxsgdQab2BmlDct1YnfQCguEvHr7VsQ=="],

    "tld-extract": ["tld-extract@2.1.0", "", {}, "sha512-Y9QHWIoDQPJJVm3/pOC7kOfOj7vsNSVZl4JGoEHb605FiwZgIfzSMyU0HC0wYw5Cx8435vaG1yGZtIm1yiQGOw=="],

    "tldjs": ["tldjs@2.3.2", "", { "dependencies": { "punycode": "^2.0.0" } }, "sha512-EORDwFMSZKrHPUVDhejCMDeAovRS5d8jZKiqALFiPp3cjKjEldPkxBY39ZSx3c45awz3RpKwJD1cCgGxEfy8/A=="],

    "tr46": ["tr46@5.1.1", "", { "dependencies": { "punycode": "^2.3.1" } }, "sha512-hdF5ZgjTqgAntKkklYw0R03MG2x/bSzTtkxmIRw/sTNV8YXsCJ1tfLAX23lhxhHJlEf3CRCOCGGWw3vI3GaSPw=="],

    "typescript": ["typescript@7.0.2", "", { "optionalDependencies": { "@typescript/typescript-aix-ppc64": "7.0.2", "@typescript/typescript-darwin-arm64": "7.0.2", "@typescript/typescript-darwin-x64": "7.0.2", "@typescript/typescript-freebsd-arm64": "7.0.2", "@typescript/typescript-freebsd-x64": "7.0.2", "@typescript/typescript-linux-arm": "7.0.2", "@typescript/typescript-linux-arm64": "7.0.2", "@typescript/typescript-linux-loong64": "7.0.2", "@typescript/typescript-linux-mips64el": "7.0.2", "@typescript/typescript-linux-ppc64": "7.0.2", "@typescript/typescript-linux-riscv64": "7.0.2", "@typescript/typescript-linux-s390x": "7.0.2", "@typescript/typescript-linux-x64": "7.0.2", "@typescript/typescript-netbsd-arm64": "7.0.2", "@typescript/typescript-netbsd-x64": "7.0.2", "@typescript/typescript-openbsd-arm64": "7.0.2", "@typescript/typescript-openbsd-x64": "7.0.2", "@typescript/typescript-sunos-x64": "7.0.2", "@typescript/typescript-win32-arm64": "7.0.2", "@typescript/typescript-win32-x64": "7.0.2" }, "bin": { "tsc": "bin/tsc" } }, "sha512-8FYau96o3NKOhbjKi/qNvG/W5jhzxkbdm5sj9AbZ/5T5sWqn3hJgLfGx27sRKZWTvyzCP8dLRBTf5tBTSRVUNA=="],

    "undici-types": ["undici-types@8.3.0", "", {}, "sha512-j375ScV60dom+YkPFIfTLcOiPxkN/buHz5GobjLhixFuANaNs3C9l4GmrWqejgXWJ7BbJcFYpTEUkS1Ge8bpZQ=="],

    "webidl-conversions": ["webidl-conversions@7.0.0", "", {}, "sha512-VwddBukDzu71offAQR975unBIGqfKZpM+8ZX6ySk8nYhVoo5CYaZyzt3YBvYtRtO+aoGlqxPg/B87NGVZ/fu6g=="],

    "whatwg-url": ["whatwg-url@14.2.0", "", { "dependencies": { "tr46": "^5.1.0", "webidl-conversions": "^7.0.0" } }, "sha512-De72GdQZzNTUBBChsXueQUnPKDkg/5A5zp7pFDuQAj5UFoENpiACU0wlCvzpAGnTkj++ihpKwKyYewn/XNUbKw=="],

    "zod": ["zod@4.6.5", "", {}, "sha512-v5l/aFXZQeai4awLbOpSoHecE9UiMrnfx75tEXLjNonXVARxQ5mOeipTjROUchszUNCqnE+hqAMujRsRHsut2Q=="],
  }
}
